<?xml version="1.0" encoding="utf-8"?>
<Project ToolsVersion="4.0" xmlns="http://schemas.microsoft.com/developer/msbuild/2003">
  <ItemGroup>
    <Filter Include="res">
      <UniqueIdentifier>{1efa210c-68f9-44ce-ac4b-fdb5af6fb4e0}</UniqueIdentifier>
    </Filter>
    <Filter Include="analyze">
      <UniqueIdentifier>{df3fcd3a-d515-4ba5-b9fc-8d0fe713bf92}</UniqueIdentifier>
    </Filter>
  </ItemGroup>
  <ItemGroup>
    <ClInclude Include="resource.h" />
    <ClInclude Include="stdafx.h" />
    <ClInclude Include="targetver.h" />
    <ClInclude Include="Analyze.h">
      <Filter>analyze</Filter>
    </ClInclude>
  </ItemGroup>
  <ItemGroup>
    <ClCompile Include="main.cpp" />
    <ClCompile Include="stdafx.cpp" />
    <ClCompile Include="Analyze.cpp">
      <Filter>analyze</Filter>
    </ClCompile>
  </ItemGroup>
  <ItemGroup>
    <ResourceCompile Include="dictionary.rc">
      <Filter>res</Filter>
    </ResourceCompile>
  </ItemGroup>
  <ItemGroup>
    <Text Include="resource\lemma.en.txt">
      <Filter>res</Filter>
    </Text>
    <Text Include="resource\resemble.txt">
      <Filter>res</Filter>
    </Text>
  </ItemGroup>
  <ItemGroup>
    <None Include="resource\ecdict.csv">
      <Filter>res</Filter>
    </None>
  </ItemGroup>
</Project>